
Microsoft Visual Studio Solution File, Format Version 12.00
# Visual Studio Version 17
VisualStudioVersion = 17.13.35931.197 d17.13
MinimumVisualStudioVersion = 10.0.40219.1
Project("{FAE04EC0-301F-11D3-BF4B-00C04F79EFBC}") = "Pratica7_List", "Pratica7_List\Pratica7_List.csproj", "{5CD82116-2AE2-4625-A55C-BCD24C998214}"
EndProject
Global
	GlobalSection(SolutionConfigurationPlatforms) = preSolution
		Debug|Any CPU = Debug|Any CPU
		Release|Any CPU = Release|Any CPU
	EndGlobalSection
	GlobalSection(ProjectConfigurationPlatforms) = postSolution
		{5CD82116-2AE2-4625-A55C-BCD24C998214}.Debug|Any CPU.ActiveCfg = Debug|Any CPU
		{5CD82116-2AE2-4625-A55C-BCD24C998214}.Debug|Any CPU.Build.0 = Debug|Any CPU
		{5CD82116-2AE2-4625-A55C-BCD24C998214}.Release|Any CPU.ActiveCfg = Release|Any CPU
		{5CD82116-2AE2-4625-A55C-BCD24C998214}.Release|Any CPU.Build.0 = Release|Any CPU
	EndGlobalSection
	GlobalSection(SolutionProperties) = preSolution
		HideSolutionNode = FALSE
	EndGlobalSection
	GlobalSection(ExtensibilityGlobals) = postSolution
		SolutionGuid = {526688D0-542B-423C-8606-658FFC81FFE8}
	EndGlobalSection
EndGlobal
